
Microsoft Visual Studio Solution File, Format Version 12.00
# Visual Studio Version 17
VisualStudioVersion = 17.5.33402.96
MinimumVisualStudioVersion = 10.0.40219.1
Project("{54A90642-561A-4BB1-A94E-469ADEE60C69}") = "CandleShop.ReactApp", "reactapp\CandleShop.ReactApp.esproj", "{1F69D11C-E85F-4AA3-B300-35C13EBB07D8}"
EndProject
Project("{9A19103F-16F7-4668-BE54-9A1E7A4F7556}") = "CandleShop.WebApi", "webapi\CandleShop.WebApi.csproj", "{10CA41D1-0FD6-461B-B496-327CEAA3023B}"
EndProject
Project("{FAE04EC0-301F-11D3-BF4B-00C04F79EFBC}") = "CandleShop.DataAccess", "dataaccess\CandleShop.DataAccess.csproj", "{68751B53-02D1-4855-BE42-EC188AA80384}"
EndProject
Global
	GlobalSection(SolutionConfigurationPlatforms) = preSolution
		Debug|Any CPU = Debug|Any CPU
		Release|Any CPU = Release|Any CPU
	EndGlobalSection
	GlobalSection(ProjectConfigurationPlatforms) = postSolution
		{1F69D11C-E85F-4AA3-B300-35C13EBB07D8}.Debug|Any CPU.ActiveCfg = Debug|Any CPU
		{1F69D11C-E85F-4AA3-B300-35C13EBB07D8}.Debug|Any CPU.Build.0 = Debug|Any CPU
		{1F69D11C-E85F-4AA3-B300-35C13EBB07D8}.Debug|Any CPU.Deploy.0 = Debug|Any CPU
		{1F69D11C-E85F-4AA3-B300-35C13EBB07D8}.Release|Any CPU.ActiveCfg = Release|Any CPU
		{1F69D11C-E85F-4AA3-B300-35C13EBB07D8}.Release|Any CPU.Build.0 = Release|Any CPU
		{1F69D11C-E85F-4AA3-B300-35C13EBB07D8}.Release|Any CPU.Deploy.0 = Release|Any CPU
		{10CA41D1-0FD6-461B-B496-327CEAA3023B}.Debug|Any CPU.ActiveCfg = Debug|Any CPU
		{10CA41D1-0FD6-461B-B496-327CEAA3023B}.Debug|Any CPU.Build.0 = Debug|Any CPU
		{10CA41D1-0FD6-461B-B496-327CEAA3023B}.Release|Any CPU.ActiveCfg = Release|Any CPU
		{10CA41D1-0FD6-461B-B496-327CEAA3023B}.Release|Any CPU.Build.0 = Release|Any CPU
		{68751B53-02D1-4855-BE42-EC188AA80384}.Debug|Any CPU.ActiveCfg = Debug|Any CPU
		{68751B53-02D1-4855-BE42-EC188AA80384}.Debug|Any CPU.Build.0 = Debug|Any CPU
		{68751B53-02D1-4855-BE42-EC188AA80384}.Release|Any CPU.ActiveCfg = Release|Any CPU
		{68751B53-02D1-4855-BE42-EC188AA80384}.Release|Any CPU.Build.0 = Release|Any CPU
	EndGlobalSection
	GlobalSection(SolutionProperties) = preSolution
		HideSolutionNode = FALSE
	EndGlobalSection
	GlobalSection(ExtensibilityGlobals) = postSolution
		SolutionGuid = {F96A3623-C468-4FFB-A8C2-272F32FDD645}
	EndGlobalSection
EndGlobal
